
Microsoft Visual Studio Solution File, Format Version 12.00
# Visual Studio Version 17
VisualStudioVersion = 17.3.32804.467
MinimumVisualStudioVersion = 10.0.40219.1
Project("{FAE04EC0-301F-11D3-BF4B-00C04F79EFBC}") = "ML.PersistentConsole", "ML.PersistentConsole.csproj", "{62218498-4998-43F9-A24C-EF2394C89391}"
EndProject
Global
	GlobalSection(SolutionConfigurationPlatforms) = preSolution
		Debug|Any CPU = Debug|Any CPU
		Release|Any CPU = Release|Any CPU
	EndGlobalSection
	GlobalSection(ProjectConfigurationPlatforms) = postSolution
		{62218498-4998-43F9-A24C-EF2394C89391}.Debug|Any CPU.ActiveCfg = Debug|Any CPU
		{62218498-4998-43F9-A24C-EF2394C89391}.Debug|Any CPU.Build.0 = Debug|Any CPU
		{62218498-4998-43F9-A24C-EF2394C89391}.Release|Any CPU.ActiveCfg = Release|Any CPU
		{62218498-4998-43F9-A24C-EF2394C89391}.Release|Any CPU.Build.0 = Release|Any CPU
	EndGlobalSection
	GlobalSection(SolutionProperties) = preSolution
		HideSolutionNode = FALSE
	EndGlobalSection
	GlobalSection(ExtensibilityGlobals) = postSolution
		SolutionGuid = {13D7043D-8CA1-4641-9FD2-7647910CC794}
	EndGlobalSection
EndGlobal
